
Microsoft Visual Studio Solution File, Format Version 12.00
# Visual Studio Version 16
VisualStudioVersion = 16.0.29709.97
MinimumVisualStudioVersion = 10.0.40219.1
Project("{FAE04EC0-301F-11D3-BF4B-00C04F79EFBC}") = "BracketApp.Api", "BracketApp.Api.csproj", "{42965A60-C4D9-4EBC-9E8A-BD9A61AA4A00}"
EndProject
Global
	GlobalSection(SolutionConfigurationPlatforms) = preSolution
		Debug|Any CPU = Debug|Any CPU
		Release|Any CPU = Release|Any CPU
	EndGlobalSection
	GlobalSection(ProjectConfigurationPlatforms) = postSolution
		{42965A60-C4D9-4EBC-9E8A-BD9A61AA4A00}.Debug|Any CPU.ActiveCfg = Debug|Any CPU
		{42965A60-C4D9-4EBC-9E8A-BD9A61AA4A00}.Debug|Any CPU.Build.0 = Debug|Any CPU
		{42965A60-C4D9-4EBC-9E8A-BD9A61AA4A00}.Release|Any CPU.ActiveCfg = Release|Any CPU
		{42965A60-C4D9-4EBC-9E8A-BD9A61AA4A00}.Release|Any CPU.Build.0 = Release|Any CPU
	EndGlobalSection
	GlobalSection(SolutionProperties) = preSolution
		HideSolutionNode = FALSE
	EndGlobalSection
	GlobalSection(ExtensibilityGlobals) = postSolution
		SolutionGuid = {EE4C5767-0BD7-4F92-9658-E8C63A2E99CE}
	EndGlobalSection
EndGlobal
